<?xml version="1.0" encoding="utf-8"?>
<Project ToolsVersion="4.0" xmlns="http://schemas.microsoft.com/developer/msbuild/2003">
  <ItemGroup>
    <Filter Include="Source Files">
      <UniqueIdentifier>{4FC737F1-C7A5-4376-A066-2A32D752A2FF}</UniqueIdentifier>
      <Extensions>qml;cpp;c;cc;cxx;def;odl;idl;hpj;bat;asm;asmx</Extensions>
    </Filter>
    <Filter Include="Header Files">
      <UniqueIdentifier>{93995380-89BD-4b04-88EB-625FBE52EBFB}</UniqueIdentifier>
      <Extensions>h;hh;hpp;hxx;hm;inl;inc;xsd</Extensions>
    </Filter>
    <Filter Include="Resource Files">
      <UniqueIdentifier>{67DA6AB6-F800-4c08-8B7A-83BB121AAD01}</UniqueIdentifier>
      <Extensions>qrc;rc;ico;cur;bmp;dlg;rc2;rct;bin;rgs;gif;jpg;jpeg;jpe;resx;tiff;tif;png;wav;mfcribbon-ms</Extensions>
    </Filter>
    <Filter Include="Form Files">
      <UniqueIdentifier>{99349809-55BA-4b9d-BF79-8FDBB0286EB3}</UniqueIdentifier>
      <Extensions>ui</Extensions>
    </Filter>
    <Filter Include="Translation Files">
      <UniqueIdentifier>{639EADAA-A684-42e4-A9AD-28FC9BCB8F7C}</UniqueIdentifier>
      <Extensions>ts</Extensions>
    </Filter>
  </ItemGroup>
  <ItemGroup>
    <QtRcc Include="labcd.qrc">
      <Filter>Resource Files</Filter>
    </QtRcc>
    <QtMoc Include="labcd.h">
      <Filter>Header Files</Filter>
    </QtMoc>
    <ClCompile Include="labcd.cpp">
      <Filter>Source Files</Filter>
    </ClCompile>
  </ItemGroup>
  <ItemGroup>
    <ClCompile Include="main.cpp">
      <Filter>Source Files</Filter>
    </ClCompile>
    <ClCompile Include="utils\label.cpp">
      <Filter>Source Files</Filter>
    </ClCompile>
    <ClCompile Include="widgets\labeltable.cpp">
      <Filter>Source Files</Filter>
    </ClCompile>
    <ClCompile Include="utils\colormap.cpp">
      <Filter>Source Files</Filter>
    </ClCompile>
    <ClCompile Include="widgets\filelist.cpp">
      <Filter>Source Files</Filter>
    </ClCompile>
    <ClCompile Include="utils\fileworker.cpp">
      <Filter>Source Files</Filter>
    </ClCompile>
    <ClCompile Include="widgets\multcanvas.cpp">
      <Filter>Source Files</Filter>
    </ClCompile>
    <ClCompile Include="widgets\canvas.cpp">
      <Filter>Source Files</Filter>
    </ClCompile>
    <ClCompile Include="utils\imgpress.cpp">
      <Filter>Source Files</Filter>
    </ClCompile>
    <ClCompile Include="widgets\annotationview.cpp">
      <Filter>Source Files</Filter>
    </ClCompile>
    <ClCompile Include="widgets\annotationscence.cpp">
      <Filter>Source Files</Filter>
    </ClCompile>
    <ClCompile Include="widgets\labpolygon.cpp">
      <Filter>Source Files</Filter>
    </ClCompile>
    <ClCompile Include="widgets\labline.cpp">
      <Filter>Source Files</Filter>
    </ClCompile>
    <ClCompile Include="widgets\labgrid.cpp">
      <Filter>Source Files</Filter>
    </ClCompile>
  </ItemGroup>
  <ItemGroup>
    <Image Include="resources\Enlarge.png">
      <Filter>Resource Files</Filter>
    </Image>
    <Image Include="resources\Folder.png">
      <Filter>Resource Files</Filter>
    </Image>
    <Image Include="resources\Full.png">
      <Filter>Resource Files</Filter>
    </Image>
    <Image Include="resources\Icon.png">
      <Filter>Resource Files</Filter>
    </Image>
    <Image Include="resources\Narrow.png">
      <Filter>Resource Files</Filter>
    </Image>
    <Image Include="resources\AddLabel.png">
      <Filter>Resource Files</Filter>
    </Image>
    <Image Include="resources\Delete.png">
      <Filter>Resource Files</Filter>
    </Image>
    <Image Include="resources\CantDelete.png">
      <Filter>Resource Files</Filter>
    </Image>
    <Image Include="resources\DeleteAllPolygons.png">
      <Filter>Resource Files</Filter>
    </Image>
    <Image Include="resources\DeletePolygon.png">
      <Filter>Resource Files</Filter>
    </Image>
    <Image Include="resources\Github.png">
      <Filter>Resource Files</Filter>
    </Image>
    <Image Include="resources\Last.png">
      <Filter>Resource Files</Filter>
    </Image>
    <Image Include="resources\Next.png">
      <Filter>Resource Files</Filter>
    </Image>
    <Image Include="resources\Save.png">
      <Filter>Resource Files</Filter>
    </Image>
    <Image Include="resources\Help.png">
      <Filter>Resource Files</Filter>
    </Image>
    <Image Include="resources\Chinese.png">
      <Filter>Resource Files</Filter>
    </Image>
    <Image Include="resources\English.png">
      <Filter>Resource Files</Filter>
    </Image>
    <Image Include="resources\Color.png">
      <Filter>Resource Files</Filter>
    </Image>
  </ItemGroup>
  <ItemGroup>
    <ClInclude Include="utils\label.h">
      <Filter>Header Files</Filter>
    </ClInclude>
    <ClInclude Include="utils\colormap.h">
      <Filter>Header Files</Filter>
    </ClInclude>
    <ClInclude Include="utils\fileworker.h">
      <Filter>Header Files</Filter>
    </ClInclude>
    <ClInclude Include="utils\imgpress.h">
      <Filter>Header Files</Filter>
    </ClInclude>
    <ClInclude Include="widgets\labpolygon.h">
      <Filter>Header Files</Filter>
    </ClInclude>
    <ClInclude Include="widgets\labline.h">
      <Filter>Header Files</Filter>
    </ClInclude>
    <ClInclude Include="widgets\labgrid.h">
      <Filter>Header Files</Filter>
    </ClInclude>
    <ClInclude Include="widgets\opttypes.h">
      <Filter>Header Files</Filter>
    </ClInclude>
    <ClInclude Include="depends\include\opencv2\calib3d\calib3d.hpp">
      <Filter>Header Files</Filter>
    </ClInclude>
    <ClInclude Include="depends\include\opencv2\calib3d\calib3d_c.h">
      <Filter>Header Files</Filter>
    </ClInclude>
    <ClInclude Include="depends\include\opencv2\dnn\utils\debug_utils.hpp">
      <Filter>Header Files</Filter>
    </ClInclude>
    <ClInclude Include="depends\include\opencv2\dnn\utils\inference_engine.hpp">
      <Filter>Header Files</Filter>
    </ClInclude>
    <ClInclude Include="depends\include\opencv2\dnn\all_layers.hpp">
      <Filter>Header Files</Filter>
    </ClInclude>
    <ClInclude Include="depends\include\opencv2\dnn\dict.hpp">
      <Filter>Header Files</Filter>
    </ClInclude>
    <ClInclude Include="depends\include\opencv2\dnn\dnn.hpp">
      <Filter>Header Files</Filter>
    </ClInclude>
    <ClInclude Include="depends\include\opencv2\dnn\dnn.inl.hpp">
      <Filter>Header Files</Filter>
    </ClInclude>
    <ClInclude Include="depends\include\opencv2\dnn\layer.details.hpp">
      <Filter>Header Files</Filter>
    </ClInclude>
    <ClInclude Include="depends\include\opencv2\dnn\layer.hpp">
      <Filter>Header Files</Filter>
    </ClInclude>
    <ClInclude Include="depends\include\opencv2\dnn\shape_utils.hpp">
      <Filter>Header Files</Filter>
    </ClInclude>
    <ClInclude Include="depends\include\opencv2\dnn\version.hpp">
      <Filter>Header Files</Filter>
    </ClInclude>
    <ClInclude Include="depends\include\opencv2\features2d\hal\interface.h">
      <Filter>Header Files</Filter>
    </ClInclude>
    <ClInclude Include="depends\include\opencv2\features2d\features2d.hpp">
      <Filter>Header Files</Filter>
    </ClInclude>
    <ClInclude Include="depends\include\opencv2\flann\all_indices.h">
      <Filter>Header Files</Filter>
    </ClInclude>
    <ClInclude Include="depends\include\opencv2\flann\allocator.h">
      <Filter>Header Files</Filter>
    </ClInclude>
    <ClInclude Include="depends\include\opencv2\flann\any.h">
      <Filter>Header Files</Filter>
    </ClInclude>
    <ClInclude Include="depends\include\opencv2\flann\autotuned_index.h">
      <Filter>Header Files</Filter>
    </ClInclude>
    <ClInclude Include="depends\include\opencv2\flann\composite_index.h">
      <Filter>Header Files</Filter>
    </ClInclude>
    <ClInclude Include="depends\include\opencv2\flann\config.h">
      <Filter>Header Files</Filter>
    </ClInclude>
    <ClInclude Include="depends\include\opencv2\flann\defines.h">
      <Filter>Header Files</Filter>
    </ClInclude>
    <ClInclude Include="depends\include\opencv2\flann\dist.h">
      <Filter>Header Files</Filter>
    </ClInclude>
    <ClInclude Include="depends\include\opencv2\flann\dummy.h">
      <Filter>Header Files</Filter>
    </ClInclude>
    <ClInclude Include="depends\include\opencv2\flann\dynamic_bitset.h">
      <Filter>Header Files</Filter>
    </ClInclude>
    <ClInclude Include="depends\include\opencv2\flann\flann.hpp">
      <Filter>Header Files</Filter>
    </ClInclude>
    <ClInclude Include="depends\include\opencv2\flann\flann_base.hpp">
      <Filter>Header Files</Filter>
    </ClInclude>
    <ClInclude Include="depends\include\opencv2\flann\general.h">
      <Filter>Header Files</Filter>
    </ClInclude>
    <ClInclude Include="depends\include\opencv2\flann\ground_truth.h">
      <Filter>Header Files</Filter>
    </ClInclude>
    <ClInclude Include="depends\include\opencv2\flann\hdf5.h">
      <Filter>Header Files</Filter>
    </ClInclude>
    <ClInclude Include="depends\include\opencv2\flann\heap.h">
      <Filter>Header Files</Filter>
    </ClInclude>
    <ClInclude Include="depends\include\opencv2\flann\hierarchical_clustering_index.h">
      <Filter>Header Files</Filter>
    </ClInclude>
    <ClInclude Include="depends\include\opencv2\flann\index_testing.h">
      <Filter>Header Files</Filter>
    </ClInclude>
    <ClInclude Include="depends\include\opencv2\flann\kdtree_index.h">
      <Filter>Header Files</Filter>
    </ClInclude>
    <ClInclude Include="depends\include\opencv2\flann\kdtree_single_index.h">
      <Filter>Header Files</Filter>
    </ClInclude>
    <ClInclude Include="depends\include\opencv2\flann\kmeans_index.h">
      <Filter>Header Files</Filter>
    </ClInclude>
    <ClInclude Include="depends\include\opencv2\flann\linear_index.h">
      <Filter>Header Files</Filter>
    </ClInclude>
    <ClInclude Include="depends\include\opencv2\flann\logger.h">
      <Filter>Header Files</Filter>
    </ClInclude>
    <ClInclude Include="depends\include\opencv2\flann\lsh_index.h">
      <Filter>Header Files</Filter>
    </ClInclude>
    <ClInclude Include="depends\include\opencv2\flann\lsh_table.h">
      <Filter>Header Files</Filter>
    </ClInclude>
    <ClInclude Include="depends\include\opencv2\flann\matrix.h">
      <Filter>Header Files</Filter>
    </ClInclude>
    <ClInclude Include="depends\include\opencv2\flann\miniflann.hpp">
      <Filter>Header Files</Filter>
    </ClInclude>
    <ClInclude Include="depends\include\opencv2\flann\nn_index.h">
      <Filter>Header Files</Filter>
    </ClInclude>
    <ClInclude Include="depends\include\opencv2\flann\object_factory.h">
      <Filter>Header Files</Filter>
    </ClInclude>
    <ClInclude Include="depends\include\opencv2\flann\params.h">
      <Filter>Header Files</Filter>
    </ClInclude>
    <ClInclude Include="depends\include\opencv2\flann\random.h">
      <Filter>Header Files</Filter>
    </ClInclude>
    <ClInclude Include="depends\include\opencv2\flann\result_set.h">
      <Filter>Header Files</Filter>
    </ClInclude>
    <ClInclude Include="depends\include\opencv2\flann\sampling.h">
      <Filter>Header Files</Filter>
    </ClInclude>
    <ClInclude Include="depends\include\opencv2\flann\saving.h">
      <Filter>Header Files</Filter>
    </ClInclude>
    <ClInclude Include="depends\include\opencv2\flann\simplex_downhill.h">
      <Filter>Header Files</Filter>
    </ClInclude>
    <ClInclude Include="depends\include\opencv2\flann\timer.h">
      <Filter>Header Files</Filter>
    </ClInclude>
    <ClInclude Include="depends\include\opencv2\gapi\cpu\core.hpp">
      <Filter>Header Files</Filter>
    </ClInclude>
    <ClInclude Include="depends\include\opencv2\gapi\cpu\gcpukernel.hpp">
      <Filter>Header Files</Filter>
    </ClInclude>
    <ClInclude Include="depends\include\opencv2\gapi\cpu\imgproc.hpp">
      <Filter>Header Files</Filter>
    </ClInclude>
    <ClInclude Include="depends\include\opencv2\gapi\cpu\stereo.hpp">
      <Filter>Header Files</Filter>
    </ClInclude>
    <ClInclude Include="depends\include\opencv2\gapi\cpu\video.hpp">
      <Filter>Header Files</Filter>
    </ClInclude>
    <ClInclude Include="depends\include\opencv2\gapi\fluid\core.hpp">
      <Filter>Header Files</Filter>
    </ClInclude>
    <ClInclude Include="depends\include\opencv2\gapi\fluid\gfluidbuffer.hpp">
      <Filter>Header Files</Filter>
    </ClInclude>
    <ClInclude Include="depends\include\opencv2\gapi\fluid\gfluidkernel.hpp">
      <Filter>Header Files</Filter>
    </ClInclude>
    <ClInclude Include="depends\include\opencv2\gapi\fluid\imgproc.hpp">
      <Filter>Header Files</Filter>
    </ClInclude>
    <ClInclude Include="depends\include\opencv2\gapi\gpu\core.hpp">
      <Filter>Header Files</Filter>
    </ClInclude>
    <ClInclude Include="depends\include\opencv2\gapi\gpu\ggpukernel.hpp">
      <Filter>Header Files</Filter>
    </ClInclude>
    <ClInclude Include="depends\include\opencv2\gapi\gpu\imgproc.hpp">
      <Filter>Header Files</Filter>
    </ClInclude>
    <ClInclude Include="depends\include\opencv2\gapi\infer\bindings_ie.hpp">
      <Filter>Header Files</Filter>
    </ClInclude>
    <ClInclude Include="depends\include\opencv2\gapi\infer\ie.hpp">
      <Filter>Header Files</Filter>
    </ClInclude>
    <ClInclude Include="depends\include\opencv2\gapi\infer\onnx.hpp">
      <Filter>Header Files</Filter>
    </ClInclude>
    <ClInclude Include="depends\include\opencv2\gapi\infer\parsers.hpp">
      <Filter>Header Files</Filter>
    </ClInclude>
    <ClInclude Include="depends\include\opencv2\gapi\ocl\core.hpp">
      <Filter>Header Files</Filter>
    </ClInclude>
    <ClInclude Include="depends\include\opencv2\gapi\ocl\goclkernel.hpp">
      <Filter>Header Files</Filter>
    </ClInclude>
    <ClInclude Include="depends\include\opencv2\gapi\ocl\imgproc.hpp">
      <Filter>Header Files</Filter>
    </ClInclude>
    <ClInclude Include="depends\include\opencv2\gapi\own\assert.hpp">
      <Filter>Header Files</Filter>
    </ClInclude>
    <ClInclude Include="depends\include\opencv2\gapi\own\convert.hpp">
      <Filter>Header Files</Filter>
    </ClInclude>
    <ClInclude Include="depends\include\opencv2\gapi\own\cvdefs.hpp">
      <Filter>Header Files</Filter>
    </ClInclude>
    <ClInclude Include="depends\include\opencv2\gapi\own\exports.hpp">
      <Filter>Header Files</Filter>
    </ClInclude>
    <ClInclude Include="depends\include\opencv2\gapi\own\mat.hpp">
      <Filter>Header Files</Filter>
    </ClInclude>
    <ClInclude Include="depends\include\opencv2\gapi\own\saturate.hpp">
      <Filter>Header Files</Filter>
    </ClInclude>
    <ClInclude Include="depends\include\opencv2\gapi\own\scalar.hpp">
      <Filter>Header Files</Filter>
    </ClInclude>
    <ClInclude Include="depends\include\opencv2\gapi\own\types.hpp">
      <Filter>Header Files</Filter>
    </ClInclude>
    <ClInclude Include="depends\include\opencv2\gapi\plaidml\core.hpp">
      <Filter>Header Files</Filter>
    </ClInclude>
    <ClInclude Include="depends\include\opencv2\gapi\plaidml\gplaidmlkernel.hpp">
      <Filter>Header Files</Filter>
    </ClInclude>
    <ClInclude Include="depends\include\opencv2\gapi\plaidml\plaidml.hpp">
      <Filter>Header Files</Filter>
    </ClInclude>
    <ClInclude Include="depends\include\opencv2\gapi\python\python.hpp">
      <Filter>Header Files</Filter>
    </ClInclude>
    <ClInclude Include="depends\include\opencv2\gapi\render\render.hpp">
      <Filter>Header Files</Filter>
    </ClInclude>
    <ClInclude Include="depends\include\opencv2\gapi\render\render_types.hpp">
      <Filter>Header Files</Filter>
    </ClInclude>
    <ClInclude Include="depends\include\opencv2\gapi\s11n\base.hpp">
      <Filter>Header Files</Filter>
    </ClInclude>
    <ClInclude Include="depends\include\opencv2\gapi\streaming\gstreamer\gstreamerpipeline.hpp">
      <Filter>Header Files</Filter>
    </ClInclude>
    <ClInclude Include="depends\include\opencv2\gapi\streaming\gstreamer\gstreamersource.hpp">
      <Filter>Header Files</Filter>
    </ClInclude>
    <ClInclude Include="depends\include\opencv2\gapi\streaming\onevpl\cfg_params.hpp">
      <Filter>Header Files</Filter>
    </ClInclude>
    <ClInclude Include="depends\include\opencv2\gapi\streaming\onevpl\data_provider_interface.hpp">
      <Filter>Header Files</Filter>
    </ClInclude>
    <ClInclude Include="depends\include\opencv2\gapi\streaming\onevpl\device_selector_interface.hpp">
      <Filter>Header Files</Filter>
    </ClInclude>
    <ClInclude Include="depends\include\opencv2\gapi\streaming\onevpl\source.hpp">
      <Filter>Header Files</Filter>
    </ClInclude>
    <ClInclude Include="depends\include\opencv2\gapi\streaming\cap.hpp">
      <Filter>Header Files</Filter>
    </ClInclude>
    <ClInclude Include="depends\include\opencv2\gapi\streaming\desync.hpp">
      <Filter>Header Files</Filter>
    </ClInclude>
    <ClInclude Include="depends\include\opencv2\gapi\streaming\format.hpp">
      <Filter>Header Files</Filter>
    </ClInclude>
    <ClInclude Include="depends\include\opencv2\gapi\streaming\meta.hpp">
      <Filter>Header Files</Filter>
    </ClInclude>
    <ClInclude Include="depends\include\opencv2\gapi\streaming\source.hpp">
      <Filter>Header Files</Filter>
    </ClInclude>
    <ClInclude Include="depends\include\opencv2\gapi\streaming\sync.hpp">
      <Filter>Header Files</Filter>
    </ClInclude>
    <ClInclude Include="depends\include\opencv2\gapi\util\any.hpp">
      <Filter>Header Files</Filter>
    </ClInclude>
    <ClInclude Include="depends\include\opencv2\gapi\util\compiler_hints.hpp">
      <Filter>Header Files</Filter>
    </ClInclude>
    <ClInclude Include="depends\include\opencv2\gapi\util\copy_through_move.hpp">
      <Filter>Header Files</Filter>
    </ClInclude>
    <ClInclude Include="depends\include\opencv2\gapi\util\optional.hpp">
      <Filter>Header Files</Filter>
    </ClInclude>
    <ClInclude Include="depends\include\opencv2\gapi\util\throw.hpp">
      <Filter>Header Files</Filter>
    </ClInclude>
    <ClInclude Include="depends\include\opencv2\gapi\util\type_traits.hpp">
      <Filter>Header Files</Filter>
    </ClInclude>
    <ClInclude Include="depends\include\opencv2\gapi\util\util.hpp">
      <Filter>Header Files</Filter>
    </ClInclude>
    <ClInclude Include="depends\include\opencv2\gapi\util\variant.hpp">
      <Filter>Header Files</Filter>
    </ClInclude>
    <ClInclude Include="depends\include\opencv2\gapi\core.hpp">
      <Filter>Header Files</Filter>
    </ClInclude>
    <ClInclude Include="depends\include\opencv2\gapi\garg.hpp">
      <Filter>Header Files</Filter>
    </ClInclude>
    <ClInclude Include="depends\include\opencv2\gapi\garray.hpp">
      <Filter>Header Files</Filter>
    </ClInclude>
    <ClInclude Include="depends\include\opencv2\gapi\gasync_context.hpp">
      <Filter>Header Files</Filter>
    </ClInclude>
    <ClInclude Include="depends\include\opencv2\gapi\gcall.hpp">
      <Filter>Header Files</Filter>
    </ClInclude>
    <ClInclude Include="depends\include\opencv2\gapi\gcommon.hpp">
      <Filter>Header Files</Filter>
    </ClInclude>
    <ClInclude Include="depends\include\opencv2\gapi\gcompiled.hpp">
      <Filter>Header Files</Filter>
    </ClInclude>
    <ClInclude Include="depends\include\opencv2\gapi\gcompiled_async.hpp">
      <Filter>Header Files</Filter>
    </ClInclude>
    <ClInclude Include="depends\include\opencv2\gapi\gcompoundkernel.hpp">
      <Filter>Header Files</Filter>
    </ClInclude>
    <ClInclude Include="depends\include\opencv2\gapi\gcomputation.hpp">
      <Filter>Header Files</Filter>
    </ClInclude>
    <ClInclude Include="depends\include\opencv2\gapi\gcomputation_async.hpp">
      <Filter>Header Files</Filter>
    </ClInclude>
    <ClInclude Include="depends\include\opencv2\gapi\gframe.hpp">
      <Filter>Header Files</Filter>
    </ClInclude>
    <ClInclude Include="depends\include\opencv2\gapi\gkernel.hpp">
      <Filter>Header Files</Filter>
    </ClInclude>
    <ClInclude Include="depends\include\opencv2\gapi\gmat.hpp">
      <Filter>Header Files</Filter>
    </ClInclude>
    <ClInclude Include="depends\include\opencv2\gapi\gmetaarg.hpp">
      <Filter>Header Files</Filter>
    </ClInclude>
    <ClInclude Include="depends\include\opencv2\gapi\gopaque.hpp">
      <Filter>Header Files</Filter>
    </ClInclude>
    <ClInclude Include="depends\include\opencv2\gapi\gproto.hpp">
      <Filter>Header Files</Filter>
    </ClInclude>
    <ClInclude Include="depends\include\opencv2\gapi\gscalar.hpp">
      <Filter>Header Files</Filter>
    </ClInclude>
    <ClInclude Include="depends\include\opencv2\gapi\gstreaming.hpp">
      <Filter>Header Files</Filter>
    </ClInclude>
    <ClInclude Include="depends\include\opencv2\gapi\gtransform.hpp">
      <Filter>Header Files</Filter>
    </ClInclude>
    <ClInclude Include="depends\include\opencv2\gapi\gtype_traits.hpp">
      <Filter>Header Files</Filter>
    </ClInclude>
    <ClInclude Include="depends\include\opencv2\gapi\gtyped.hpp">
      <Filter>Header Files</Filter>
    </ClInclude>
    <ClInclude Include="depends\include\opencv2\gapi\imgproc.hpp">
      <Filter>Header Files</Filter>
    </ClInclude>
    <ClInclude Include="depends\include\opencv2\gapi\infer.hpp">
      <Filter>Header Files</Filter>
    </ClInclude>
    <ClInclude Include="depends\include\opencv2\gapi\media.hpp">
      <Filter>Header Files</Filter>
    </ClInclude>
    <ClInclude Include="depends\include\opencv2\gapi\opencv_includes.hpp">
      <Filter>Header Files</Filter>
    </ClInclude>
    <ClInclude Include="depends\include\opencv2\gapi\operators.hpp">
      <Filter>Header Files</Filter>
    </ClInclude>
    <ClInclude Include="depends\include\opencv2\gapi\render.hpp">
      <Filter>Header Files</Filter>
    </ClInclude>
    <ClInclude Include="depends\include\opencv2\gapi\rmat.hpp">
      <Filter>Header Files</Filter>
    </ClInclude>
    <ClInclude Include="depends\include\opencv2\gapi\s11n.hpp">
      <Filter>Header Files</Filter>
    </ClInclude>
    <ClInclude Include="depends\include\opencv2\gapi\stereo.hpp">
      <Filter>Header Files</Filter>
    </ClInclude>
    <ClInclude Include="depends\include\opencv2\gapi\video.hpp">
      <Filter>Header Files</Filter>
    </ClInclude>
    <ClInclude Include="depends\include\opencv2\highgui\highgui.hpp">
      <Filter>Header Files</Filter>
    </ClInclude>
    <ClInclude Include="depends\include\opencv2\highgui\highgui_c.h">
      <Filter>Header Files</Filter>
    </ClInclude>
    <ClInclude Include="depends\include\opencv2\imgcodecs\legacy\constants_c.h">
      <Filter>Header Files</Filter>
    </ClInclude>
    <ClInclude Include="depends\include\opencv2\imgcodecs\imgcodecs.hpp">
      <Filter>Header Files</Filter>
    </ClInclude>
    <ClInclude Include="depends\include\opencv2\imgcodecs\imgcodecs_c.h">
      <Filter>Header Files</Filter>
    </ClInclude>
    <ClInclude Include="depends\include\opencv2\imgcodecs\ios.h">
      <Filter>Header Files</Filter>
    </ClInclude>
    <ClInclude Include="depends\include\opencv2\imgcodecs\macosx.h">
      <Filter>Header Files</Filter>
    </ClInclude>
    <ClInclude Include="depends\include\opencv2\imgproc\detail\gcgraph.hpp">
      <Filter>Header Files</Filter>
    </ClInclude>
    <ClInclude Include="depends\include\opencv2\imgproc\hal\hal.hpp">
      <Filter>Header Files</Filter>
    </ClInclude>
    <ClInclude Include="depends\include\opencv2\imgproc\hal\interface.h">
      <Filter>Header Files</Filter>
    </ClInclude>
    <ClInclude Include="depends\include\opencv2\imgproc\bindings.hpp">
      <Filter>Header Files</Filter>
    </ClInclude>
    <ClInclude Include="depends\include\opencv2\imgproc\imgproc.hpp">
      <Filter>Header Files</Filter>
    </ClInclude>
    <ClInclude Include="depends\include\opencv2\imgproc\imgproc_c.h">
      <Filter>Header Files</Filter>
    </ClInclude>
    <ClInclude Include="depends\include\opencv2\imgproc\segmentation.hpp">
      <Filter>Header Files</Filter>
    </ClInclude>
    <ClInclude Include="depends\include\opencv2\imgproc\types_c.h">
      <Filter>Header Files</Filter>
    </ClInclude>
    <ClInclude Include="depends\include\opencv2\ml\ml.hpp">
      <Filter>Header Files</Filter>
    </ClInclude>
    <ClInclude Include="depends\include\opencv2\ml\ml.inl.hpp">
      <Filter>Header Files</Filter>
    </ClInclude>
    <ClInclude Include="depends\include\opencv2\objdetect\detection_based_tracker.hpp">
      <Filter>Header Files</Filter>
    </ClInclude>
    <ClInclude Include="depends\include\opencv2\objdetect\face.hpp">
      <Filter>Header Files</Filter>
    </ClInclude>
    <ClInclude Include="depends\include\opencv2\objdetect\objdetect.hpp">
      <Filter>Header Files</Filter>
    </ClInclude>
    <ClInclude Include="depends\include\opencv2\photo\legacy\constants_c.h">
      <Filter>Header Files</Filter>
    </ClInclude>
    <ClInclude Include="depends\include\opencv2\photo\cuda.hpp">
      <Filter>Header Files</Filter>
    </ClInclude>
    <ClInclude Include="depends\include\opencv2\photo\photo.hpp">
      <Filter>Header Files</Filter>
    </ClInclude>
    <ClInclude Include="depends\include\opencv2\stitching\detail\autocalib.hpp">
      <Filter>Header Files</Filter>
    </ClInclude>
    <ClInclude Include="depends\include\opencv2\stitching\detail\blenders.hpp">
      <Filter>Header Files</Filter>
    </ClInclude>
    <ClInclude Include="depends\include\opencv2\stitching\detail\camera.hpp">
      <Filter>Header Files</Filter>
    </ClInclude>
    <ClInclude Include="depends\include\opencv2\stitching\detail\exposure_compensate.hpp">
      <Filter>Header Files</Filter>
    </ClInclude>
    <ClInclude Include="depends\include\opencv2\stitching\detail\matchers.hpp">
      <Filter>Header Files</Filter>
    </ClInclude>
    <ClInclude Include="depends\include\opencv2\stitching\detail\motion_estimators.hpp">
      <Filter>Header Files</Filter>
    </ClInclude>
    <ClInclude Include="depends\include\opencv2\stitching\detail\seam_finders.hpp">
      <Filter>Header Files</Filter>
    </ClInclude>
    <ClInclude Include="depends\include\opencv2\stitching\detail\timelapsers.hpp">
      <Filter>Header Files</Filter>
    </ClInclude>
    <ClInclude Include="depends\include\opencv2\stitching\detail\util.hpp">
      <Filter>Header Files</Filter>
    </ClInclude>
    <ClInclude Include="depends\include\opencv2\stitching\detail\util_inl.hpp">
      <Filter>Header Files</Filter>
    </ClInclude>
    <ClInclude Include="depends\include\opencv2\stitching\detail\warpers.hpp">
      <Filter>Header Files</Filter>
    </ClInclude>
    <ClInclude Include="depends\include\opencv2\stitching\detail\warpers_inl.hpp">
      <Filter>Header Files</Filter>
    </ClInclude>
    <ClInclude Include="depends\include\opencv2\stitching\warpers.hpp">
      <Filter>Header Files</Filter>
    </ClInclude>
    <ClInclude Include="depends\include\opencv2\video\detail\tracking.detail.hpp">
      <Filter>Header Files</Filter>
    </ClInclude>
    <ClInclude Include="depends\include\opencv2\video\legacy\constants_c.h">
      <Filter>Header Files</Filter>
    </ClInclude>
    <ClInclude Include="depends\include\opencv2\video\background_segm.hpp">
      <Filter>Header Files</Filter>
    </ClInclude>
    <ClInclude Include="depends\include\opencv2\video\tracking.hpp">
      <Filter>Header Files</Filter>
    </ClInclude>
    <ClInclude Include="depends\include\opencv2\video\video.hpp">
      <Filter>Header Files</Filter>
    </ClInclude>
    <ClInclude Include="depends\include\opencv2\videoio\legacy\constants_c.h">
      <Filter>Header Files</Filter>
    </ClInclude>
    <ClInclude Include="depends\include\opencv2\videoio\cap_ios.h">
      <Filter>Header Files</Filter>
    </ClInclude>
    <ClInclude Include="depends\include\opencv2\videoio\registry.hpp">
      <Filter>Header Files</Filter>
    </ClInclude>
    <ClInclude Include="depends\include\opencv2\videoio\videoio.hpp">
      <Filter>Header Files</Filter>
    </ClInclude>
    <ClInclude Include="depends\include\opencv2\videoio\videoio_c.h">
      <Filter>Header Files</Filter>
    </ClInclude>
  </ItemGroup>
  <ItemGroup>
    <QtMoc Include="widgets\labeltable.h">
      <Filter>Header Files</Filter>
    </QtMoc>
    <QtMoc Include="widgets\filelist.h">
      <Filter>Header Files</Filter>
    </QtMoc>
    <QtMoc Include="widgets\multcanvas.h">
      <Filter>Header Files</Filter>
    </QtMoc>
    <QtMoc Include="widgets\canvas.h">
      <Filter>Header Files</Filter>
    </QtMoc>
    <QtMoc Include="widgets\annotationview.h">
      <Filter>Header Files</Filter>
    </QtMoc>
    <QtMoc Include="widgets\annotationscence.h">
      <Filter>Header Files</Filter>
    </QtMoc>
  </ItemGroup>
  <ItemGroup>
    <Text Include="configs\colormap.txt" />
  </ItemGroup>
  <ItemGroup>
    <None Include=".editorconfig" />
    <None Include="LabCD.pri" />
    <None Include="LabCD.pro" />
    <None Include="depends\lib\jsoncpp.exp" />
    <None Include="depends\lib\jsoncppd.exp" />
    <None Include="i18n\English.qm" />
  </ItemGroup>
  <ItemGroup>
    <Library Include="depends\lib\jsoncpp_static.lib" />
    <Library Include="depends\lib\opencv_world455.lib" />
    <Library Include="depends\lib\opencv_world455d.lib" />
    <Library Include="depends\lib\jsoncpp_staticd.lib" />
    <Library Include="depends\lib\jsoncpp.lib" />
    <Library Include="depends\lib\jsoncppd.lib" />
    <Library Include="depends\lib\gdal_i.lib" />
  </ItemGroup>
  <ItemGroup>
    <QtTranslation Include="i18n\English.ts">
      <Filter>Translation Files</Filter>
    </QtTranslation>
  </ItemGroup>
</Project>