<?xml version="1.0" encoding="utf-8"?>
<Project ToolsVersion="4.0" xmlns="http://schemas.microsoft.com/developer/msbuild/2003">
  <ItemGroup>
    <Filter Include="Source Files">
      <UniqueIdentifier>{4FC737F1-C7A5-4376-A066-2A32D752A2FF}</UniqueIdentifier>
      <Extensions>qml;cpp;c;cc;cxx;def;odl;idl;hpj;bat;asm;asmx</Extensions>
    </Filter>
    <Filter Include="Header Files">
      <UniqueIdentifier>{93995380-89BD-4b04-88EB-625FBE52EBFB}</UniqueIdentifier>
      <Extensions>h;hh;hpp;hxx;hm;inl;inc;xsd</Extensions>
    </Filter>
    <Filter Include="Resource Files">
      <UniqueIdentifier>{67DA6AB6-F800-4c08-8B7A-83BB121AAD01}</UniqueIdentifier>
      <Extensions>qrc;rc;ico;cur;bmp;dlg;rc2;rct;bin;rgs;gif;jpg;jpeg;jpe;resx;tiff;tif;png;wav;mfcribbon-ms</Extensions>
    </Filter>
    <Filter Include="Form Files">
      <UniqueIdentifier>{99349809-55BA-4b9d-BF79-8FDBB0286EB3}</UniqueIdentifier>
      <Extensions>ui</Extensions>
    </Filter>
    <Filter Include="Translation Files">
      <UniqueIdentifier>{639EADAA-A684-42e4-A9AD-28FC9BCB8F7C}</UniqueIdentifier>
      <Extensions>ts</Extensions>
    </Filter>
  </ItemGroup>
  <ItemGroup>
    <QtRcc Include="labcd.qrc">
      <Filter>Resource Files</Filter>
    </QtRcc>
    <QtMoc Include="labcd.h">
      <Filter>Header Files</Filter>
    </QtMoc>
    <ClCompile Include="labcd.cpp">
      <Filter>Source Files</Filter>
    </ClCompile>
  </ItemGroup>
  <ItemGroup>
    <ClCompile Include="main.cpp">
      <Filter>Source Files</Filter>
    </ClCompile>
    <ClCompile Include="utils\label.cpp">
      <Filter>Source Files</Filter>
    </ClCompile>
    <ClCompile Include="widgets\labeltable.cpp">
      <Filter>Source Files</Filter>
    </ClCompile>
    <ClCompile Include="utils\colormap.cpp">
      <Filter>Source Files</Filter>
    </ClCompile>
    <ClCompile Include="widgets\filelist.cpp">
      <Filter>Source Files</Filter>
    </ClCompile>
    <ClCompile Include="utils\fileworker.cpp">
      <Filter>Source Files</Filter>
    </ClCompile>
    <ClCompile Include="widgets\multcanvas.cpp">
      <Filter>Source Files</Filter>
    </ClCompile>
    <ClCompile Include="widgets\canvas.cpp">
      <Filter>Source Files</Filter>
    </ClCompile>
    <ClCompile Include="utils\imgpress.cpp">
      <Filter>Source Files</Filter>
    </ClCompile>
    <ClCompile Include="widgets\annotationview.cpp">
      <Filter>Source Files</Filter>
    </ClCompile>
    <ClCompile Include="widgets\annotationscence.cpp">
      <Filter>Source Files</Filter>
    </ClCompile>
    <ClCompile Include="widgets\labpolygon.cpp">
      <Filter>Source Files</Filter>
    </ClCompile>
    <ClCompile Include="widgets\labline.cpp">
      <Filter>Source Files</Filter>
    </ClCompile>
    <ClCompile Include="widgets\labgrid.cpp">
      <Filter>Source Files</Filter>
    </ClCompile>
  </ItemGroup>
  <ItemGroup>
    <Image Include="resources\Enlarge.png">
      <Filter>Resource Files</Filter>
    </Image>
    <Image Include="resources\Folder.png">
      <Filter>Resource Files</Filter>
    </Image>
    <Image Include="resources\Full.png">
      <Filter>Resource Files</Filter>
    </Image>
    <Image Include="resources\Icon.png">
      <Filter>Resource Files</Filter>
    </Image>
    <Image Include="resources\Narrow.png">
      <Filter>Resource Files</Filter>
    </Image>
    <Image Include="resources\AddLabel.png">
      <Filter>Resource Files</Filter>
    </Image>
    <Image Include="resources\Delete.png">
      <Filter>Resource Files</Filter>
    </Image>
    <Image Include="resources\CantDelete.png">
      <Filter>Resource Files</Filter>
    </Image>
    <Image Include="resources\DeleteAllPolygons.png">
      <Filter>Resource Files</Filter>
    </Image>
    <Image Include="resources\DeletePolygon.png">
      <Filter>Resource Files</Filter>
    </Image>
    <Image Include="resources\Github.png">
      <Filter>Resource Files</Filter>
    </Image>
    <Image Include="resources\Last.png">
      <Filter>Resource Files</Filter>
    </Image>
    <Image Include="resources\Next.png">
      <Filter>Resource Files</Filter>
    </Image>
    <Image Include="resources\Save.png">
      <Filter>Resource Files</Filter>
    </Image>
    <Image Include="resources\Help.png">
      <Filter>Resource Files</Filter>
    </Image>
    <Image Include="resources\Chinese.png">
      <Filter>Resource Files</Filter>
    </Image>
    <Image Include="resources\English.png">
      <Filter>Resource Files</Filter>
    </Image>
  </ItemGroup>
  <ItemGroup>
    <ClInclude Include="utils\label.h">
      <Filter>Header Files</Filter>
    </ClInclude>
    <ClInclude Include="utils\colormap.h">
      <Filter>Header Files</Filter>
    </ClInclude>
    <ClInclude Include="utils\fileworker.h">
      <Filter>Header Files</Filter>
    </ClInclude>
    <ClInclude Include="utils\imgpress.h">
      <Filter>Header Files</Filter>
    </ClInclude>
    <ClInclude Include="widgets\labpolygon.h">
      <Filter>Header Files</Filter>
    </ClInclude>
    <ClInclude Include="widgets\labline.h">
      <Filter>Header Files</Filter>
    </ClInclude>
    <ClInclude Include="widgets\labgrid.h">
      <Filter>Header Files</Filter>
    </ClInclude>
    <ClInclude Include="widgets\opttypes.h">
      <Filter>Header Files</Filter>
    </ClInclude>
    <ClInclude Include="depends\include\json\allocator.h">
      <Filter>Header Files</Filter>
    </ClInclude>
    <ClInclude Include="depends\include\json\assertions.h">
      <Filter>Header Files</Filter>
    </ClInclude>
    <ClInclude Include="depends\include\json\config.h">
      <Filter>Header Files</Filter>
    </ClInclude>
    <ClInclude Include="depends\include\json\forwards.h">
      <Filter>Header Files</Filter>
    </ClInclude>
    <ClInclude Include="depends\include\json\json.h">
      <Filter>Header Files</Filter>
    </ClInclude>
    <ClInclude Include="depends\include\json\json_features.h">
      <Filter>Header Files</Filter>
    </ClInclude>
    <ClInclude Include="depends\include\json\reader.h">
      <Filter>Header Files</Filter>
    </ClInclude>
    <ClInclude Include="depends\include\json\value.h">
      <Filter>Header Files</Filter>
    </ClInclude>
    <ClInclude Include="depends\include\json\version.h">
      <Filter>Header Files</Filter>
    </ClInclude>
    <ClInclude Include="depends\include\json\writer.h">
      <Filter>Header Files</Filter>
    </ClInclude>
    <ClInclude Include="depends\include\opencv2\calib3d.hpp">
      <Filter>Header Files</Filter>
    </ClInclude>
    <ClInclude Include="depends\include\opencv2\core.hpp">
      <Filter>Header Files</Filter>
    </ClInclude>
    <ClInclude Include="depends\include\opencv2\cvconfig.h">
      <Filter>Header Files</Filter>
    </ClInclude>
    <ClInclude Include="depends\include\opencv2\dnn.hpp">
      <Filter>Header Files</Filter>
    </ClInclude>
    <ClInclude Include="depends\include\opencv2\features2d.hpp">
      <Filter>Header Files</Filter>
    </ClInclude>
    <ClInclude Include="depends\include\opencv2\flann.hpp">
      <Filter>Header Files</Filter>
    </ClInclude>
    <ClInclude Include="depends\include\opencv2\gapi.hpp">
      <Filter>Header Files</Filter>
    </ClInclude>
    <ClInclude Include="depends\include\opencv2\highgui.hpp">
      <Filter>Header Files</Filter>
    </ClInclude>
    <ClInclude Include="depends\include\opencv2\imgcodecs.hpp">
      <Filter>Header Files</Filter>
    </ClInclude>
    <ClInclude Include="depends\include\opencv2\imgproc.hpp">
      <Filter>Header Files</Filter>
    </ClInclude>
    <ClInclude Include="depends\include\opencv2\ml.hpp">
      <Filter>Header Files</Filter>
    </ClInclude>
    <ClInclude Include="depends\include\opencv2\objdetect.hpp">
      <Filter>Header Files</Filter>
    </ClInclude>
    <ClInclude Include="depends\include\opencv2\opencv.hpp">
      <Filter>Header Files</Filter>
    </ClInclude>
    <ClInclude Include="depends\include\opencv2\opencv_modules.hpp">
      <Filter>Header Files</Filter>
    </ClInclude>
    <ClInclude Include="depends\include\opencv2\photo.hpp">
      <Filter>Header Files</Filter>
    </ClInclude>
    <ClInclude Include="depends\include\opencv2\stitching.hpp">
      <Filter>Header Files</Filter>
    </ClInclude>
    <ClInclude Include="depends\include\opencv2\video.hpp">
      <Filter>Header Files</Filter>
    </ClInclude>
    <ClInclude Include="depends\include\opencv2\videoio.hpp">
      <Filter>Header Files</Filter>
    </ClInclude>
    <ClInclude Include="depends\include\opencv2\world.hpp">
      <Filter>Header Files</Filter>
    </ClInclude>
    <ClInclude Include="depends\include\opencv2\calib3d\calib3d.hpp">
      <Filter>Header Files</Filter>
    </ClInclude>
    <ClInclude Include="depends\include\opencv2\calib3d\calib3d_c.h">
      <Filter>Header Files</Filter>
    </ClInclude>
    <ClInclude Include="depends\include\opencv2\core\cuda\detail\color_detail.hpp">
      <Filter>Header Files</Filter>
    </ClInclude>
    <ClInclude Include="depends\include\opencv2\core\cuda\detail\reduce.hpp">
      <Filter>Header Files</Filter>
    </ClInclude>
    <ClInclude Include="depends\include\opencv2\core\cuda\detail\reduce_key_val.hpp">
      <Filter>Header Files</Filter>
    </ClInclude>
    <ClInclude Include="depends\include\opencv2\core\cuda\detail\transform_detail.hpp">
      <Filter>Header Files</Filter>
    </ClInclude>
    <ClInclude Include="depends\include\opencv2\core\cuda\detail\type_traits_detail.hpp">
      <Filter>Header Files</Filter>
    </ClInclude>
    <ClInclude Include="depends\include\opencv2\core\cuda\detail\vec_distance_detail.hpp">
      <Filter>Header Files</Filter>
    </ClInclude>
    <ClInclude Include="depends\include\opencv2\core\cuda\block.hpp">
      <Filter>Header Files</Filter>
    </ClInclude>
    <ClInclude Include="depends\include\opencv2\core\cuda\border_interpolate.hpp">
      <Filter>Header Files</Filter>
    </ClInclude>
    <ClInclude Include="depends\include\opencv2\core\cuda\color.hpp">
      <Filter>Header Files</Filter>
    </ClInclude>
    <ClInclude Include="depends\include\opencv2\core\cuda\common.hpp">
      <Filter>Header Files</Filter>
    </ClInclude>
    <ClInclude Include="depends\include\opencv2\core\cuda\datamov_utils.hpp">
      <Filter>Header Files</Filter>
    </ClInclude>
    <ClInclude Include="depends\include\opencv2\core\cuda\dynamic_smem.hpp">
      <Filter>Header Files</Filter>
    </ClInclude>
    <ClInclude Include="depends\include\opencv2\core\cuda\emulation.hpp">
      <Filter>Header Files</Filter>
    </ClInclude>
    <ClInclude Include="depends\include\opencv2\core\cuda\filters.hpp">
      <Filter>Header Files</Filter>
    </ClInclude>
    <ClInclude Include="depends\include\opencv2\core\cuda\funcattrib.hpp">
      <Filter>Header Files</Filter>
    </ClInclude>
    <ClInclude Include="depends\include\opencv2\core\cuda\functional.hpp">
      <Filter>Header Files</Filter>
    </ClInclude>
    <ClInclude Include="depends\include\opencv2\core\cuda\limits.hpp">
      <Filter>Header Files</Filter>
    </ClInclude>
    <ClInclude Include="depends\include\opencv2\core\cuda\reduce.hpp">
      <Filter>Header Files</Filter>
    </ClInclude>
    <ClInclude Include="depends\include\opencv2\core\cuda\saturate_cast.hpp">
      <Filter>Header Files</Filter>
    </ClInclude>
    <ClInclude Include="depends\include\opencv2\core\cuda\scan.hpp">
      <Filter>Header Files</Filter>
    </ClInclude>
    <ClInclude Include="depends\include\opencv2\core\cuda\simd_functions.hpp">
      <Filter>Header Files</Filter>
    </ClInclude>
    <ClInclude Include="depends\include\opencv2\core\cuda\transform.hpp">
      <Filter>Header Files</Filter>
    </ClInclude>
    <ClInclude Include="depends\include\opencv2\core\cuda\type_traits.hpp">
      <Filter>Header Files</Filter>
    </ClInclude>
    <ClInclude Include="depends\include\opencv2\core\cuda\utility.hpp">
      <Filter>Header Files</Filter>
    </ClInclude>
    <ClInclude Include="depends\include\opencv2\core\cuda\vec_distance.hpp">
      <Filter>Header Files</Filter>
    </ClInclude>
    <ClInclude Include="depends\include\opencv2\core\cuda\vec_math.hpp">
      <Filter>Header Files</Filter>
    </ClInclude>
    <ClInclude Include="depends\include\opencv2\core\cuda\vec_traits.hpp">
      <Filter>Header Files</Filter>
    </ClInclude>
    <ClInclude Include="depends\include\opencv2\core\cuda\warp.hpp">
      <Filter>Header Files</Filter>
    </ClInclude>
    <ClInclude Include="depends\include\opencv2\core\cuda\warp_reduce.hpp">
      <Filter>Header Files</Filter>
    </ClInclude>
    <ClInclude Include="depends\include\opencv2\core\cuda\warp_shuffle.hpp">
      <Filter>Header Files</Filter>
    </ClInclude>
    <ClInclude Include="depends\include\opencv2\core\detail\async_promise.hpp">
      <Filter>Header Files</Filter>
    </ClInclude>
    <ClInclude Include="depends\include\opencv2\core\detail\dispatch_helper.impl.hpp">
      <Filter>Header Files</Filter>
    </ClInclude>
    <ClInclude Include="depends\include\opencv2\core\detail\exception_ptr.hpp">
      <Filter>Header Files</Filter>
    </ClInclude>
    <ClInclude Include="depends\include\opencv2\core\hal\hal.hpp">
      <Filter>Header Files</Filter>
    </ClInclude>
    <ClInclude Include="depends\include\opencv2\core\hal\interface.h">
      <Filter>Header Files</Filter>
    </ClInclude>
    <ClInclude Include="depends\include\opencv2\core\hal\intrin.hpp">
      <Filter>Header Files</Filter>
    </ClInclude>
    <ClInclude Include="depends\include\opencv2\core\hal\intrin_avx.hpp">
      <Filter>Header Files</Filter>
    </ClInclude>
    <ClInclude Include="depends\include\opencv2\core\hal\intrin_avx512.hpp">
      <Filter>Header Files</Filter>
    </ClInclude>
    <ClInclude Include="depends\include\opencv2\core\hal\intrin_cpp.hpp">
      <Filter>Header Files</Filter>
    </ClInclude>
    <ClInclude Include="depends\include\opencv2\core\hal\intrin_forward.hpp">
      <Filter>Header Files</Filter>
    </ClInclude>
    <ClInclude Include="depends\include\opencv2\core\hal\intrin_msa.hpp">
      <Filter>Header Files</Filter>
    </ClInclude>
    <ClInclude Include="depends\include\opencv2\core\hal\intrin_neon.hpp">
      <Filter>Header Files</Filter>
    </ClInclude>
    <ClInclude Include="depends\include\opencv2\core\hal\intrin_rvv.hpp">
      <Filter>Header Files</Filter>
    </ClInclude>
    <ClInclude Include="depends\include\opencv2\core\hal\intrin_rvv071.hpp">
      <Filter>Header Files</Filter>
    </ClInclude>
    <ClInclude Include="depends\include\opencv2\core\hal\intrin_sse.hpp">
      <Filter>Header Files</Filter>
    </ClInclude>
    <ClInclude Include="depends\include\opencv2\core\hal\intrin_sse_em.hpp">
      <Filter>Header Files</Filter>
    </ClInclude>
    <ClInclude Include="depends\include\opencv2\core\hal\intrin_vsx.hpp">
      <Filter>Header Files</Filter>
    </ClInclude>
    <ClInclude Include="depends\include\opencv2\core\hal\intrin_wasm.hpp">
      <Filter>Header Files</Filter>
    </ClInclude>
    <ClInclude Include="depends\include\opencv2\core\hal\msa_macros.h">
      <Filter>Header Files</Filter>
    </ClInclude>
    <ClInclude Include="depends\include\opencv2\core\hal\simd_utils.impl.hpp">
      <Filter>Header Files</Filter>
    </ClInclude>
    <ClInclude Include="depends\include\opencv2\core\opencl\runtime\autogenerated\opencl_clblas.hpp">
      <Filter>Header Files</Filter>
    </ClInclude>
    <ClInclude Include="depends\include\opencv2\core\opencl\runtime\autogenerated\opencl_clfft.hpp">
      <Filter>Header Files</Filter>
    </ClInclude>
    <ClInclude Include="depends\include\opencv2\core\opencl\runtime\autogenerated\opencl_core.hpp">
      <Filter>Header Files</Filter>
    </ClInclude>
    <ClInclude Include="depends\include\opencv2\core\opencl\runtime\autogenerated\opencl_core_wrappers.hpp">
      <Filter>Header Files</Filter>
    </ClInclude>
    <ClInclude Include="depends\include\opencv2\core\opencl\runtime\autogenerated\opencl_gl.hpp">
      <Filter>Header Files</Filter>
    </ClInclude>
    <ClInclude Include="depends\include\opencv2\core\opencl\runtime\autogenerated\opencl_gl_wrappers.hpp">
      <Filter>Header Files</Filter>
    </ClInclude>
    <ClInclude Include="depends\include\opencv2\core\opencl\runtime\opencl_clblas.hpp">
      <Filter>Header Files</Filter>
    </ClInclude>
    <ClInclude Include="depends\include\opencv2\core\opencl\runtime\opencl_clfft.hpp">
      <Filter>Header Files</Filter>
    </ClInclude>
    <ClInclude Include="depends\include\opencv2\core\opencl\runtime\opencl_core.hpp">
      <Filter>Header Files</Filter>
    </ClInclude>
    <ClInclude Include="depends\include\opencv2\core\opencl\runtime\opencl_core_wrappers.hpp">
      <Filter>Header Files</Filter>
    </ClInclude>
    <ClInclude Include="depends\include\opencv2\core\opencl\runtime\opencl_gl.hpp">
      <Filter>Header Files</Filter>
    </ClInclude>
    <ClInclude Include="depends\include\opencv2\core\opencl\runtime\opencl_gl_wrappers.hpp">
      <Filter>Header Files</Filter>
    </ClInclude>
    <ClInclude Include="depends\include\opencv2\core\opencl\runtime\opencl_svm_20.hpp">
      <Filter>Header Files</Filter>
    </ClInclude>
    <ClInclude Include="depends\include\opencv2\core\opencl\runtime\opencl_svm_definitions.hpp">
      <Filter>Header Files</Filter>
    </ClInclude>
    <ClInclude Include="depends\include\opencv2\core\opencl\runtime\opencl_svm_hsa_extension.hpp">
      <Filter>Header Files</Filter>
    </ClInclude>
    <ClInclude Include="depends\include\opencv2\core\opencl\ocl_defs.hpp">
      <Filter>Header Files</Filter>
    </ClInclude>
    <ClInclude Include="depends\include\opencv2\core\opencl\opencl_info.hpp">
      <Filter>Header Files</Filter>
    </ClInclude>
    <ClInclude Include="depends\include\opencv2\core\opencl\opencl_svm.hpp">
      <Filter>Header Files</Filter>
    </ClInclude>
    <ClInclude Include="depends\include\opencv2\core\parallel\backend\parallel_for.openmp.hpp">
      <Filter>Header Files</Filter>
    </ClInclude>
    <ClInclude Include="depends\include\opencv2\core\parallel\backend\parallel_for.tbb.hpp">
      <Filter>Header Files</Filter>
    </ClInclude>
    <ClInclude Include="depends\include\opencv2\core\parallel\parallel_backend.hpp">
      <Filter>Header Files</Filter>
    </ClInclude>
    <ClInclude Include="depends\include\opencv2\core\utils\allocator_stats.hpp">
      <Filter>Header Files</Filter>
    </ClInclude>
    <ClInclude Include="depends\include\opencv2\core\utils\allocator_stats.impl.hpp">
      <Filter>Header Files</Filter>
    </ClInclude>
    <ClInclude Include="depends\include\opencv2\core\utils\filesystem.hpp">
      <Filter>Header Files</Filter>
    </ClInclude>
    <ClInclude Include="depends\include\opencv2\core\utils\instrumentation.hpp">
      <Filter>Header Files</Filter>
    </ClInclude>
    <ClInclude Include="depends\include\opencv2\core\utils\logger.defines.hpp">
      <Filter>Header Files</Filter>
    </ClInclude>
    <ClInclude Include="depends\include\opencv2\core\utils\logger.hpp">
      <Filter>Header Files</Filter>
    </ClInclude>
    <ClInclude Include="depends\include\opencv2\core\utils\logtag.hpp">
      <Filter>Header Files</Filter>
    </ClInclude>
    <ClInclude Include="depends\include\opencv2\core\utils\tls.hpp">
      <Filter>Header Files</Filter>
    </ClInclude>
    <ClInclude Include="depends\include\opencv2\core\utils\trace.hpp">
      <Filter>Header Files</Filter>
    </ClInclude>
    <ClInclude Include="depends\include\opencv2\core\affine.hpp">
      <Filter>Header Files</Filter>
    </ClInclude>
    <ClInclude Include="depends\include\opencv2\core\async.hpp">
      <Filter>Header Files</Filter>
    </ClInclude>
    <ClInclude Include="depends\include\opencv2\core\base.hpp">
      <Filter>Header Files</Filter>
    </ClInclude>
    <ClInclude Include="depends\include\opencv2\core\bindings_utils.hpp">
      <Filter>Header Files</Filter>
    </ClInclude>
    <ClInclude Include="depends\include\opencv2\core\bufferpool.hpp">
      <Filter>Header Files</Filter>
    </ClInclude>
    <ClInclude Include="depends\include\opencv2\core\check.hpp">
      <Filter>Header Files</Filter>
    </ClInclude>
    <ClInclude Include="depends\include\opencv2\core\core.hpp">
      <Filter>Header Files</Filter>
    </ClInclude>
    <ClInclude Include="depends\include\opencv2\core\core_c.h">
      <Filter>Header Files</Filter>
    </ClInclude>
    <ClInclude Include="depends\include\opencv2\core\cuda.hpp">
      <Filter>Header Files</Filter>
    </ClInclude>
    <ClInclude Include="depends\include\opencv2\core\cuda.inl.hpp">
      <Filter>Header Files</Filter>
    </ClInclude>
    <ClInclude Include="depends\include\opencv2\core\cuda_stream_accessor.hpp">
      <Filter>Header Files</Filter>
    </ClInclude>
    <ClInclude Include="depends\include\opencv2\core\cuda_types.hpp">
      <Filter>Header Files</Filter>
    </ClInclude>
    <ClInclude Include="depends\include\opencv2\core\cv_cpu_dispatch.h">
      <Filter>Header Files</Filter>
    </ClInclude>
    <ClInclude Include="depends\include\opencv2\core\cv_cpu_helper.h">
      <Filter>Header Files</Filter>
    </ClInclude>
    <ClInclude Include="depends\include\opencv2\core\cvdef.h">
      <Filter>Header Files</Filter>
    </ClInclude>
    <ClInclude Include="depends\include\opencv2\core\cvstd.hpp">
      <Filter>Header Files</Filter>
    </ClInclude>
    <ClInclude Include="depends\include\opencv2\core\cvstd.inl.hpp">
      <Filter>Header Files</Filter>
    </ClInclude>
    <ClInclude Include="depends\include\opencv2\core\cvstd_wrapper.hpp">
      <Filter>Header Files</Filter>
    </ClInclude>
    <ClInclude Include="depends\include\opencv2\core\directx.hpp">
      <Filter>Header Files</Filter>
    </ClInclude>
    <ClInclude Include="depends\include\opencv2\core\dualquaternion.hpp">
      <Filter>Header Files</Filter>
    </ClInclude>
    <ClInclude Include="depends\include\opencv2\core\dualquaternion.inl.hpp">
      <Filter>Header Files</Filter>
    </ClInclude>
    <ClInclude Include="depends\include\opencv2\core\eigen.hpp">
      <Filter>Header Files</Filter>
    </ClInclude>
    <ClInclude Include="depends\include\opencv2\core\fast_math.hpp">
      <Filter>Header Files</Filter>
    </ClInclude>
    <ClInclude Include="depends\include\opencv2\core\mat.hpp">
      <Filter>Header Files</Filter>
    </ClInclude>
    <ClInclude Include="depends\include\opencv2\core\mat.inl.hpp">
      <Filter>Header Files</Filter>
    </ClInclude>
    <ClInclude Include="depends\include\opencv2\core\matx.hpp">
      <Filter>Header Files</Filter>
    </ClInclude>
    <ClInclude Include="depends\include\opencv2\core\neon_utils.hpp">
      <Filter>Header Files</Filter>
    </ClInclude>
    <ClInclude Include="depends\include\opencv2\core\ocl.hpp">
      <Filter>Header Files</Filter>
    </ClInclude>
    <ClInclude Include="depends\include\opencv2\core\ocl_genbase.hpp">
      <Filter>Header Files</Filter>
    </ClInclude>
    <ClInclude Include="depends\include\opencv2\core\opengl.hpp">
      <Filter>Header Files</Filter>
    </ClInclude>
    <ClInclude Include="depends\include\opencv2\core\operations.hpp">
      <Filter>Header Files</Filter>
    </ClInclude>
    <ClInclude Include="depends\include\opencv2\core\optim.hpp">
      <Filter>Header Files</Filter>
    </ClInclude>
    <ClInclude Include="depends\include\opencv2\core\ovx.hpp">
      <Filter>Header Files</Filter>
    </ClInclude>
    <ClInclude Include="depends\include\opencv2\core\persistence.hpp">
      <Filter>Header Files</Filter>
    </ClInclude>
    <ClInclude Include="depends\include\opencv2\core\quaternion.hpp">
      <Filter>Header Files</Filter>
    </ClInclude>
    <ClInclude Include="depends\include\opencv2\core\quaternion.inl.hpp">
      <Filter>Header Files</Filter>
    </ClInclude>
    <ClInclude Include="depends\include\opencv2\core\saturate.hpp">
      <Filter>Header Files</Filter>
    </ClInclude>
    <ClInclude Include="depends\include\opencv2\core\simd_intrinsics.hpp">
      <Filter>Header Files</Filter>
    </ClInclude>
    <ClInclude Include="depends\include\opencv2\core\softfloat.hpp">
      <Filter>Header Files</Filter>
    </ClInclude>
    <ClInclude Include="depends\include\opencv2\core\sse_utils.hpp">
      <Filter>Header Files</Filter>
    </ClInclude>
    <ClInclude Include="depends\include\opencv2\core\traits.hpp">
      <Filter>Header Files</Filter>
    </ClInclude>
    <ClInclude Include="depends\include\opencv2\core\types.hpp">
      <Filter>Header Files</Filter>
    </ClInclude>
    <ClInclude Include="depends\include\opencv2\core\types_c.h">
      <Filter>Header Files</Filter>
    </ClInclude>
    <ClInclude Include="depends\include\opencv2\core\utility.hpp">
      <Filter>Header Files</Filter>
    </ClInclude>
    <ClInclude Include="depends\include\opencv2\core\va_intel.hpp">
      <Filter>Header Files</Filter>
    </ClInclude>
    <ClInclude Include="depends\include\opencv2\core\version.hpp">
      <Filter>Header Files</Filter>
    </ClInclude>
    <ClInclude Include="depends\include\opencv2\core\vsx_utils.hpp">
      <Filter>Header Files</Filter>
    </ClInclude>
    <ClInclude Include="depends\include\opencv2\dnn\utils\debug_utils.hpp">
      <Filter>Header Files</Filter>
    </ClInclude>
    <ClInclude Include="depends\include\opencv2\dnn\utils\inference_engine.hpp">
      <Filter>Header Files</Filter>
    </ClInclude>
    <ClInclude Include="depends\include\opencv2\dnn\all_layers.hpp">
      <Filter>Header Files</Filter>
    </ClInclude>
    <ClInclude Include="depends\include\opencv2\dnn\dict.hpp">
      <Filter>Header Files</Filter>
    </ClInclude>
    <ClInclude Include="depends\include\opencv2\dnn\dnn.hpp">
      <Filter>Header Files</Filter>
    </ClInclude>
    <ClInclude Include="depends\include\opencv2\dnn\dnn.inl.hpp">
      <Filter>Header Files</Filter>
    </ClInclude>
    <ClInclude Include="depends\include\opencv2\dnn\layer.details.hpp">
      <Filter>Header Files</Filter>
    </ClInclude>
    <ClInclude Include="depends\include\opencv2\dnn\layer.hpp">
      <Filter>Header Files</Filter>
    </ClInclude>
    <ClInclude Include="depends\include\opencv2\dnn\shape_utils.hpp">
      <Filter>Header Files</Filter>
    </ClInclude>
    <ClInclude Include="depends\include\opencv2\dnn\version.hpp">
      <Filter>Header Files</Filter>
    </ClInclude>
    <ClInclude Include="depends\include\opencv2\features2d\hal\interface.h">
      <Filter>Header Files</Filter>
    </ClInclude>
    <ClInclude Include="depends\include\opencv2\features2d\features2d.hpp">
      <Filter>Header Files</Filter>
    </ClInclude>
    <ClInclude Include="depends\include\opencv2\flann\all_indices.h">
      <Filter>Header Files</Filter>
    </ClInclude>
    <ClInclude Include="depends\include\opencv2\flann\allocator.h">
      <Filter>Header Files</Filter>
    </ClInclude>
    <ClInclude Include="depends\include\opencv2\flann\any.h">
      <Filter>Header Files</Filter>
    </ClInclude>
    <ClInclude Include="depends\include\opencv2\flann\autotuned_index.h">
      <Filter>Header Files</Filter>
    </ClInclude>
    <ClInclude Include="depends\include\opencv2\flann\composite_index.h">
      <Filter>Header Files</Filter>
    </ClInclude>
    <ClInclude Include="depends\include\opencv2\flann\config.h">
      <Filter>Header Files</Filter>
    </ClInclude>
    <ClInclude Include="depends\include\opencv2\flann\defines.h">
      <Filter>Header Files</Filter>
    </ClInclude>
    <ClInclude Include="depends\include\opencv2\flann\dist.h">
      <Filter>Header Files</Filter>
    </ClInclude>
    <ClInclude Include="depends\include\opencv2\flann\dummy.h">
      <Filter>Header Files</Filter>
    </ClInclude>
    <ClInclude Include="depends\include\opencv2\flann\dynamic_bitset.h">
      <Filter>Header Files</Filter>
    </ClInclude>
    <ClInclude Include="depends\include\opencv2\flann\flann.hpp">
      <Filter>Header Files</Filter>
    </ClInclude>
    <ClInclude Include="depends\include\opencv2\flann\flann_base.hpp">
      <Filter>Header Files</Filter>
    </ClInclude>
    <ClInclude Include="depends\include\opencv2\flann\general.h">
      <Filter>Header Files</Filter>
    </ClInclude>
    <ClInclude Include="depends\include\opencv2\flann\ground_truth.h">
      <Filter>Header Files</Filter>
    </ClInclude>
    <ClInclude Include="depends\include\opencv2\flann\hdf5.h">
      <Filter>Header Files</Filter>
    </ClInclude>
    <ClInclude Include="depends\include\opencv2\flann\heap.h">
      <Filter>Header Files</Filter>
    </ClInclude>
    <ClInclude Include="depends\include\opencv2\flann\hierarchical_clustering_index.h">
      <Filter>Header Files</Filter>
    </ClInclude>
    <ClInclude Include="depends\include\opencv2\flann\index_testing.h">
      <Filter>Header Files</Filter>
    </ClInclude>
    <ClInclude Include="depends\include\opencv2\flann\kdtree_index.h">
      <Filter>Header Files</Filter>
    </ClInclude>
    <ClInclude Include="depends\include\opencv2\flann\kdtree_single_index.h">
      <Filter>Header Files</Filter>
    </ClInclude>
    <ClInclude Include="depends\include\opencv2\flann\kmeans_index.h">
      <Filter>Header Files</Filter>
    </ClInclude>
    <ClInclude Include="depends\include\opencv2\flann\linear_index.h">
      <Filter>Header Files</Filter>
    </ClInclude>
    <ClInclude Include="depends\include\opencv2\flann\logger.h">
      <Filter>Header Files</Filter>
    </ClInclude>
    <ClInclude Include="depends\include\opencv2\flann\lsh_index.h">
      <Filter>Header Files</Filter>
    </ClInclude>
    <ClInclude Include="depends\include\opencv2\flann\lsh_table.h">
      <Filter>Header Files</Filter>
    </ClInclude>
    <ClInclude Include="depends\include\opencv2\flann\matrix.h">
      <Filter>Header Files</Filter>
    </ClInclude>
    <ClInclude Include="depends\include\opencv2\flann\miniflann.hpp">
      <Filter>Header Files</Filter>
    </ClInclude>
    <ClInclude Include="depends\include\opencv2\flann\nn_index.h">
      <Filter>Header Files</Filter>
    </ClInclude>
    <ClInclude Include="depends\include\opencv2\flann\object_factory.h">
      <Filter>Header Files</Filter>
    </ClInclude>
    <ClInclude Include="depends\include\opencv2\flann\params.h">
      <Filter>Header Files</Filter>
    </ClInclude>
    <ClInclude Include="depends\include\opencv2\flann\random.h">
      <Filter>Header Files</Filter>
    </ClInclude>
    <ClInclude Include="depends\include\opencv2\flann\result_set.h">
      <Filter>Header Files</Filter>
    </ClInclude>
    <ClInclude Include="depends\include\opencv2\flann\sampling.h">
      <Filter>Header Files</Filter>
    </ClInclude>
    <ClInclude Include="depends\include\opencv2\flann\saving.h">
      <Filter>Header Files</Filter>
    </ClInclude>
    <ClInclude Include="depends\include\opencv2\flann\simplex_downhill.h">
      <Filter>Header Files</Filter>
    </ClInclude>
    <ClInclude Include="depends\include\opencv2\flann\timer.h">
      <Filter>Header Files</Filter>
    </ClInclude>
    <ClInclude Include="depends\include\opencv2\gapi\cpu\core.hpp">
      <Filter>Header Files</Filter>
    </ClInclude>
    <ClInclude Include="depends\include\opencv2\gapi\cpu\gcpukernel.hpp">
      <Filter>Header Files</Filter>
    </ClInclude>
    <ClInclude Include="depends\include\opencv2\gapi\cpu\imgproc.hpp">
      <Filter>Header Files</Filter>
    </ClInclude>
    <ClInclude Include="depends\include\opencv2\gapi\cpu\stereo.hpp">
      <Filter>Header Files</Filter>
    </ClInclude>
    <ClInclude Include="depends\include\opencv2\gapi\cpu\video.hpp">
      <Filter>Header Files</Filter>
    </ClInclude>
    <ClInclude Include="depends\include\opencv2\gapi\fluid\core.hpp">
      <Filter>Header Files</Filter>
    </ClInclude>
    <ClInclude Include="depends\include\opencv2\gapi\fluid\gfluidbuffer.hpp">
      <Filter>Header Files</Filter>
    </ClInclude>
    <ClInclude Include="depends\include\opencv2\gapi\fluid\gfluidkernel.hpp">
      <Filter>Header Files</Filter>
    </ClInclude>
    <ClInclude Include="depends\include\opencv2\gapi\fluid\imgproc.hpp">
      <Filter>Header Files</Filter>
    </ClInclude>
    <ClInclude Include="depends\include\opencv2\gapi\gpu\core.hpp">
      <Filter>Header Files</Filter>
    </ClInclude>
    <ClInclude Include="depends\include\opencv2\gapi\gpu\ggpukernel.hpp">
      <Filter>Header Files</Filter>
    </ClInclude>
    <ClInclude Include="depends\include\opencv2\gapi\gpu\imgproc.hpp">
      <Filter>Header Files</Filter>
    </ClInclude>
    <ClInclude Include="depends\include\opencv2\gapi\infer\bindings_ie.hpp">
      <Filter>Header Files</Filter>
    </ClInclude>
    <ClInclude Include="depends\include\opencv2\gapi\infer\ie.hpp">
      <Filter>Header Files</Filter>
    </ClInclude>
    <ClInclude Include="depends\include\opencv2\gapi\infer\onnx.hpp">
      <Filter>Header Files</Filter>
    </ClInclude>
    <ClInclude Include="depends\include\opencv2\gapi\infer\parsers.hpp">
      <Filter>Header Files</Filter>
    </ClInclude>
    <ClInclude Include="depends\include\opencv2\gapi\ocl\core.hpp">
      <Filter>Header Files</Filter>
    </ClInclude>
    <ClInclude Include="depends\include\opencv2\gapi\ocl\goclkernel.hpp">
      <Filter>Header Files</Filter>
    </ClInclude>
    <ClInclude Include="depends\include\opencv2\gapi\ocl\imgproc.hpp">
      <Filter>Header Files</Filter>
    </ClInclude>
    <ClInclude Include="depends\include\opencv2\gapi\own\assert.hpp">
      <Filter>Header Files</Filter>
    </ClInclude>
    <ClInclude Include="depends\include\opencv2\gapi\own\convert.hpp">
      <Filter>Header Files</Filter>
    </ClInclude>
    <ClInclude Include="depends\include\opencv2\gapi\own\cvdefs.hpp">
      <Filter>Header Files</Filter>
    </ClInclude>
    <ClInclude Include="depends\include\opencv2\gapi\own\exports.hpp">
      <Filter>Header Files</Filter>
    </ClInclude>
    <ClInclude Include="depends\include\opencv2\gapi\own\mat.hpp">
      <Filter>Header Files</Filter>
    </ClInclude>
    <ClInclude Include="depends\include\opencv2\gapi\own\saturate.hpp">
      <Filter>Header Files</Filter>
    </ClInclude>
    <ClInclude Include="depends\include\opencv2\gapi\own\scalar.hpp">
      <Filter>Header Files</Filter>
    </ClInclude>
    <ClInclude Include="depends\include\opencv2\gapi\own\types.hpp">
      <Filter>Header Files</Filter>
    </ClInclude>
    <ClInclude Include="depends\include\opencv2\gapi\plaidml\core.hpp">
      <Filter>Header Files</Filter>
    </ClInclude>
    <ClInclude Include="depends\include\opencv2\gapi\plaidml\gplaidmlkernel.hpp">
      <Filter>Header Files</Filter>
    </ClInclude>
    <ClInclude Include="depends\include\opencv2\gapi\plaidml\plaidml.hpp">
      <Filter>Header Files</Filter>
    </ClInclude>
    <ClInclude Include="depends\include\opencv2\gapi\python\python.hpp">
      <Filter>Header Files</Filter>
    </ClInclude>
    <ClInclude Include="depends\include\opencv2\gapi\render\render.hpp">
      <Filter>Header Files</Filter>
    </ClInclude>
    <ClInclude Include="depends\include\opencv2\gapi\render\render_types.hpp">
      <Filter>Header Files</Filter>
    </ClInclude>
    <ClInclude Include="depends\include\opencv2\gapi\s11n\base.hpp">
      <Filter>Header Files</Filter>
    </ClInclude>
    <ClInclude Include="depends\include\opencv2\gapi\streaming\gstreamer\gstreamerpipeline.hpp">
      <Filter>Header Files</Filter>
    </ClInclude>
    <ClInclude Include="depends\include\opencv2\gapi\streaming\gstreamer\gstreamersource.hpp">
      <Filter>Header Files</Filter>
    </ClInclude>
    <ClInclude Include="depends\include\opencv2\gapi\streaming\onevpl\cfg_params.hpp">
      <Filter>Header Files</Filter>
    </ClInclude>
    <ClInclude Include="depends\include\opencv2\gapi\streaming\onevpl\data_provider_interface.hpp">
      <Filter>Header Files</Filter>
    </ClInclude>
    <ClInclude Include="depends\include\opencv2\gapi\streaming\onevpl\device_selector_interface.hpp">
      <Filter>Header Files</Filter>
    </ClInclude>
    <ClInclude Include="depends\include\opencv2\gapi\streaming\onevpl\source.hpp">
      <Filter>Header Files</Filter>
    </ClInclude>
    <ClInclude Include="depends\include\opencv2\gapi\streaming\cap.hpp">
      <Filter>Header Files</Filter>
    </ClInclude>
    <ClInclude Include="depends\include\opencv2\gapi\streaming\desync.hpp">
      <Filter>Header Files</Filter>
    </ClInclude>
    <ClInclude Include="depends\include\opencv2\gapi\streaming\format.hpp">
      <Filter>Header Files</Filter>
    </ClInclude>
    <ClInclude Include="depends\include\opencv2\gapi\streaming\meta.hpp">
      <Filter>Header Files</Filter>
    </ClInclude>
    <ClInclude Include="depends\include\opencv2\gapi\streaming\source.hpp">
      <Filter>Header Files</Filter>
    </ClInclude>
    <ClInclude Include="depends\include\opencv2\gapi\streaming\sync.hpp">
      <Filter>Header Files</Filter>
    </ClInclude>
    <ClInclude Include="depends\include\opencv2\gapi\util\any.hpp">
      <Filter>Header Files</Filter>
    </ClInclude>
    <ClInclude Include="depends\include\opencv2\gapi\util\compiler_hints.hpp">
      <Filter>Header Files</Filter>
    </ClInclude>
    <ClInclude Include="depends\include\opencv2\gapi\util\copy_through_move.hpp">
      <Filter>Header Files</Filter>
    </ClInclude>
    <ClInclude Include="depends\include\opencv2\gapi\util\optional.hpp">
      <Filter>Header Files</Filter>
    </ClInclude>
    <ClInclude Include="depends\include\opencv2\gapi\util\throw.hpp">
      <Filter>Header Files</Filter>
    </ClInclude>
    <ClInclude Include="depends\include\opencv2\gapi\util\type_traits.hpp">
      <Filter>Header Files</Filter>
    </ClInclude>
    <ClInclude Include="depends\include\opencv2\gapi\util\util.hpp">
      <Filter>Header Files</Filter>
    </ClInclude>
    <ClInclude Include="depends\include\opencv2\gapi\util\variant.hpp">
      <Filter>Header Files</Filter>
    </ClInclude>
    <ClInclude Include="depends\include\opencv2\gapi\core.hpp">
      <Filter>Header Files</Filter>
    </ClInclude>
    <ClInclude Include="depends\include\opencv2\gapi\garg.hpp">
      <Filter>Header Files</Filter>
    </ClInclude>
    <ClInclude Include="depends\include\opencv2\gapi\garray.hpp">
      <Filter>Header Files</Filter>
    </ClInclude>
    <ClInclude Include="depends\include\opencv2\gapi\gasync_context.hpp">
      <Filter>Header Files</Filter>
    </ClInclude>
    <ClInclude Include="depends\include\opencv2\gapi\gcall.hpp">
      <Filter>Header Files</Filter>
    </ClInclude>
    <ClInclude Include="depends\include\opencv2\gapi\gcommon.hpp">
      <Filter>Header Files</Filter>
    </ClInclude>
    <ClInclude Include="depends\include\opencv2\gapi\gcompiled.hpp">
      <Filter>Header Files</Filter>
    </ClInclude>
    <ClInclude Include="depends\include\opencv2\gapi\gcompiled_async.hpp">
      <Filter>Header Files</Filter>
    </ClInclude>
    <ClInclude Include="depends\include\opencv2\gapi\gcompoundkernel.hpp">
      <Filter>Header Files</Filter>
    </ClInclude>
    <ClInclude Include="depends\include\opencv2\gapi\gcomputation.hpp">
      <Filter>Header Files</Filter>
    </ClInclude>
    <ClInclude Include="depends\include\opencv2\gapi\gcomputation_async.hpp">
      <Filter>Header Files</Filter>
    </ClInclude>
    <ClInclude Include="depends\include\opencv2\gapi\gframe.hpp">
      <Filter>Header Files</Filter>
    </ClInclude>
    <ClInclude Include="depends\include\opencv2\gapi\gkernel.hpp">
      <Filter>Header Files</Filter>
    </ClInclude>
    <ClInclude Include="depends\include\opencv2\gapi\gmat.hpp">
      <Filter>Header Files</Filter>
    </ClInclude>
    <ClInclude Include="depends\include\opencv2\gapi\gmetaarg.hpp">
      <Filter>Header Files</Filter>
    </ClInclude>
    <ClInclude Include="depends\include\opencv2\gapi\gopaque.hpp">
      <Filter>Header Files</Filter>
    </ClInclude>
    <ClInclude Include="depends\include\opencv2\gapi\gproto.hpp">
      <Filter>Header Files</Filter>
    </ClInclude>
    <ClInclude Include="depends\include\opencv2\gapi\gscalar.hpp">
      <Filter>Header Files</Filter>
    </ClInclude>
    <ClInclude Include="depends\include\opencv2\gapi\gstreaming.hpp">
      <Filter>Header Files</Filter>
    </ClInclude>
    <ClInclude Include="depends\include\opencv2\gapi\gtransform.hpp">
      <Filter>Header Files</Filter>
    </ClInclude>
    <ClInclude Include="depends\include\opencv2\gapi\gtype_traits.hpp">
      <Filter>Header Files</Filter>
    </ClInclude>
    <ClInclude Include="depends\include\opencv2\gapi\gtyped.hpp">
      <Filter>Header Files</Filter>
    </ClInclude>
    <ClInclude Include="depends\include\opencv2\gapi\imgproc.hpp">
      <Filter>Header Files</Filter>
    </ClInclude>
    <ClInclude Include="depends\include\opencv2\gapi\infer.hpp">
      <Filter>Header Files</Filter>
    </ClInclude>
    <ClInclude Include="depends\include\opencv2\gapi\media.hpp">
      <Filter>Header Files</Filter>
    </ClInclude>
    <ClInclude Include="depends\include\opencv2\gapi\opencv_includes.hpp">
      <Filter>Header Files</Filter>
    </ClInclude>
    <ClInclude Include="depends\include\opencv2\gapi\operators.hpp">
      <Filter>Header Files</Filter>
    </ClInclude>
    <ClInclude Include="depends\include\opencv2\gapi\render.hpp">
      <Filter>Header Files</Filter>
    </ClInclude>
    <ClInclude Include="depends\include\opencv2\gapi\rmat.hpp">
      <Filter>Header Files</Filter>
    </ClInclude>
    <ClInclude Include="depends\include\opencv2\gapi\s11n.hpp">
      <Filter>Header Files</Filter>
    </ClInclude>
    <ClInclude Include="depends\include\opencv2\gapi\stereo.hpp">
      <Filter>Header Files</Filter>
    </ClInclude>
    <ClInclude Include="depends\include\opencv2\gapi\video.hpp">
      <Filter>Header Files</Filter>
    </ClInclude>
    <ClInclude Include="depends\include\opencv2\highgui\highgui.hpp">
      <Filter>Header Files</Filter>
    </ClInclude>
    <ClInclude Include="depends\include\opencv2\highgui\highgui_c.h">
      <Filter>Header Files</Filter>
    </ClInclude>
    <ClInclude Include="depends\include\opencv2\imgcodecs\legacy\constants_c.h">
      <Filter>Header Files</Filter>
    </ClInclude>
    <ClInclude Include="depends\include\opencv2\imgcodecs\imgcodecs.hpp">
      <Filter>Header Files</Filter>
    </ClInclude>
    <ClInclude Include="depends\include\opencv2\imgcodecs\imgcodecs_c.h">
      <Filter>Header Files</Filter>
    </ClInclude>
    <ClInclude Include="depends\include\opencv2\imgcodecs\ios.h">
      <Filter>Header Files</Filter>
    </ClInclude>
    <ClInclude Include="depends\include\opencv2\imgcodecs\macosx.h">
      <Filter>Header Files</Filter>
    </ClInclude>
    <ClInclude Include="depends\include\opencv2\imgproc\detail\gcgraph.hpp">
      <Filter>Header Files</Filter>
    </ClInclude>
    <ClInclude Include="depends\include\opencv2\imgproc\hal\hal.hpp">
      <Filter>Header Files</Filter>
    </ClInclude>
    <ClInclude Include="depends\include\opencv2\imgproc\hal\interface.h">
      <Filter>Header Files</Filter>
    </ClInclude>
    <ClInclude Include="depends\include\opencv2\imgproc\bindings.hpp">
      <Filter>Header Files</Filter>
    </ClInclude>
    <ClInclude Include="depends\include\opencv2\imgproc\imgproc.hpp">
      <Filter>Header Files</Filter>
    </ClInclude>
    <ClInclude Include="depends\include\opencv2\imgproc\imgproc_c.h">
      <Filter>Header Files</Filter>
    </ClInclude>
    <ClInclude Include="depends\include\opencv2\imgproc\segmentation.hpp">
      <Filter>Header Files</Filter>
    </ClInclude>
    <ClInclude Include="depends\include\opencv2\imgproc\types_c.h">
      <Filter>Header Files</Filter>
    </ClInclude>
    <ClInclude Include="depends\include\opencv2\ml\ml.hpp">
      <Filter>Header Files</Filter>
    </ClInclude>
    <ClInclude Include="depends\include\opencv2\ml\ml.inl.hpp">
      <Filter>Header Files</Filter>
    </ClInclude>
    <ClInclude Include="depends\include\opencv2\objdetect\detection_based_tracker.hpp">
      <Filter>Header Files</Filter>
    </ClInclude>
    <ClInclude Include="depends\include\opencv2\objdetect\face.hpp">
      <Filter>Header Files</Filter>
    </ClInclude>
    <ClInclude Include="depends\include\opencv2\objdetect\objdetect.hpp">
      <Filter>Header Files</Filter>
    </ClInclude>
    <ClInclude Include="depends\include\opencv2\photo\legacy\constants_c.h">
      <Filter>Header Files</Filter>
    </ClInclude>
    <ClInclude Include="depends\include\opencv2\photo\cuda.hpp">
      <Filter>Header Files</Filter>
    </ClInclude>
    <ClInclude Include="depends\include\opencv2\photo\photo.hpp">
      <Filter>Header Files</Filter>
    </ClInclude>
    <ClInclude Include="depends\include\opencv2\stitching\detail\autocalib.hpp">
      <Filter>Header Files</Filter>
    </ClInclude>
    <ClInclude Include="depends\include\opencv2\stitching\detail\blenders.hpp">
      <Filter>Header Files</Filter>
    </ClInclude>
    <ClInclude Include="depends\include\opencv2\stitching\detail\camera.hpp">
      <Filter>Header Files</Filter>
    </ClInclude>
    <ClInclude Include="depends\include\opencv2\stitching\detail\exposure_compensate.hpp">
      <Filter>Header Files</Filter>
    </ClInclude>
    <ClInclude Include="depends\include\opencv2\stitching\detail\matchers.hpp">
      <Filter>Header Files</Filter>
    </ClInclude>
    <ClInclude Include="depends\include\opencv2\stitching\detail\motion_estimators.hpp">
      <Filter>Header Files</Filter>
    </ClInclude>
    <ClInclude Include="depends\include\opencv2\stitching\detail\seam_finders.hpp">
      <Filter>Header Files</Filter>
    </ClInclude>
    <ClInclude Include="depends\include\opencv2\stitching\detail\timelapsers.hpp">
      <Filter>Header Files</Filter>
    </ClInclude>
    <ClInclude Include="depends\include\opencv2\stitching\detail\util.hpp">
      <Filter>Header Files</Filter>
    </ClInclude>
    <ClInclude Include="depends\include\opencv2\stitching\detail\util_inl.hpp">
      <Filter>Header Files</Filter>
    </ClInclude>
    <ClInclude Include="depends\include\opencv2\stitching\detail\warpers.hpp">
      <Filter>Header Files</Filter>
    </ClInclude>
    <ClInclude Include="depends\include\opencv2\stitching\detail\warpers_inl.hpp">
      <Filter>Header Files</Filter>
    </ClInclude>
    <ClInclude Include="depends\include\opencv2\stitching\warpers.hpp">
      <Filter>Header Files</Filter>
    </ClInclude>
    <ClInclude Include="depends\include\opencv2\video\detail\tracking.detail.hpp">
      <Filter>Header Files</Filter>
    </ClInclude>
    <ClInclude Include="depends\include\opencv2\video\legacy\constants_c.h">
      <Filter>Header Files</Filter>
    </ClInclude>
    <ClInclude Include="depends\include\opencv2\video\background_segm.hpp">
      <Filter>Header Files</Filter>
    </ClInclude>
    <ClInclude Include="depends\include\opencv2\video\tracking.hpp">
      <Filter>Header Files</Filter>
    </ClInclude>
    <ClInclude Include="depends\include\opencv2\video\video.hpp">
      <Filter>Header Files</Filter>
    </ClInclude>
    <ClInclude Include="depends\include\opencv2\videoio\legacy\constants_c.h">
      <Filter>Header Files</Filter>
    </ClInclude>
    <ClInclude Include="depends\include\opencv2\videoio\cap_ios.h">
      <Filter>Header Files</Filter>
    </ClInclude>
    <ClInclude Include="depends\include\opencv2\videoio\registry.hpp">
      <Filter>Header Files</Filter>
    </ClInclude>
    <ClInclude Include="depends\include\opencv2\videoio\videoio.hpp">
      <Filter>Header Files</Filter>
    </ClInclude>
    <ClInclude Include="depends\include\opencv2\videoio\videoio_c.h">
      <Filter>Header Files</Filter>
    </ClInclude>
  </ItemGroup>
  <ItemGroup>
    <QtMoc Include="widgets\labeltable.h">
      <Filter>Header Files</Filter>
    </QtMoc>
    <QtMoc Include="widgets\filelist.h">
      <Filter>Header Files</Filter>
    </QtMoc>
    <QtMoc Include="widgets\multcanvas.h">
      <Filter>Header Files</Filter>
    </QtMoc>
    <QtMoc Include="widgets\canvas.h">
      <Filter>Header Files</Filter>
    </QtMoc>
    <QtMoc Include="widgets\annotationview.h">
      <Filter>Header Files</Filter>
    </QtMoc>
    <QtMoc Include="widgets\annotationscence.h">
      <Filter>Header Files</Filter>
    </QtMoc>
  </ItemGroup>
  <ItemGroup>
    <Text Include="configs\colormap.txt" />
  </ItemGroup>
  <ItemGroup>
    <None Include=".editorconfig" />
    <None Include="LabCD.pri" />
    <None Include="LabCD.pro" />
    <None Include="depends\lib\jsoncpp.exp" />
    <None Include="depends\lib\jsoncpp_staticd.pdb" />
    <None Include="depends\lib\jsoncppd.exp" />
    <None Include="i18n\English.qm" />
  </ItemGroup>
  <ItemGroup>
    <Library Include="depends\lib\jsoncpp_static.lib" />
    <Library Include="depends\lib\opencv_world455.lib" />
    <Library Include="depends\lib\opencv_world455d.lib" />
    <Library Include="depends\lib\jsoncpp_staticd.lib" />
    <Library Include="depends\lib\jsoncpp.lib" />
    <Library Include="depends\lib\jsoncppd.lib" />
  </ItemGroup>
  <ItemGroup>
    <QtTranslation Include="i18n\English.ts">
      <Filter>Translation Files</Filter>
    </QtTranslation>
  </ItemGroup>
</Project>